
Microsoft Visual Studio Solution File, Format Version 12.00
# Visual Studio Version 17
VisualStudioVersion = 17.4.33122.133
MinimumVisualStudioVersion = 10.0.40219.1
Project("{FAE04EC0-301F-11D3-BF4B-00C04F79EFBC}") = "portfolioMVC", "portfolioMVC.csproj", "{87108185-0AC4-4260-9EF8-7B458F61F88E}"
EndProject
Global
	GlobalSection(SolutionConfigurationPlatforms) = preSolution
		Debug|Any CPU = Debug|Any CPU
		Release|Any CPU = Release|Any CPU
	EndGlobalSection
	GlobalSection(ProjectConfigurationPlatforms) = postSolution
		{87108185-0AC4-4260-9EF8-7B458F61F88E}.Debug|Any CPU.ActiveCfg = Debug|Any CPU
		{87108185-0AC4-4260-9EF8-7B458F61F88E}.Debug|Any CPU.Build.0 = Debug|Any CPU
		{87108185-0AC4-4260-9EF8-7B458F61F88E}.Release|Any CPU.ActiveCfg = Release|Any CPU
		{87108185-0AC4-4260-9EF8-7B458F61F88E}.Release|Any CPU.Build.0 = Release|Any CPU
	EndGlobalSection
	GlobalSection(SolutionProperties) = preSolution
		HideSolutionNode = FALSE
	EndGlobalSection
	GlobalSection(ExtensibilityGlobals) = postSolution
		SolutionGuid = {29648499-331A-4EE5-9A38-0703F6D96A24}
	EndGlobalSection
EndGlobal
